{
  "requires": true,
  "lockfileVersion": 1,
  "dependencies": {
    "ng2-search-filter": {
      "version": "0.5.1",
      "resolved": "https://registry.npmjs.org/ng2-search-filter/-/ng2-search-filter-0.5.1.tgz",
      "integrity": "sha512-noN8R+Gyxo5ZuboEOvq+u0zKio6pEf1IVYQTCZfAfXm6ONmzWu/M2xK0di9oVUprDbPBQXCGUuvD5i2GD+35HA=="
    },
    "ngx-pagination": {
      "version": "6.0.2",
      "resolved": "https://registry.npmjs.org/ngx-pagination/-/ngx-pagination-6.0.2.tgz",
      "integrity": "sha512-7N4FA244ls7h/977EqvcDXuyB/U5rPJI+FD0Zj9orrXb+kX2SOX0WP+yQw50Gm/Dy9aPOE91FkgoYzGyRSPY0A==",
      "requires": {
        "tslib": "^2.3.0"
      }
    },
    "sweetalert2": {
      "version": "11.4.37",
      "resolved": "https://registry.npmjs.org/sweetalert2/-/sweetalert2-11.4.37.tgz",
      "integrity": "sha512-8thABjykReRzpMlgEY0BP876ZqI6dD9WxMpFftHt4dmUKQzDv23Td6Q6cz6YybyiYWPCodBk57PeIobqaGNgqw=="
    },
    "tslib": {
      "version": "2.4.0",
      "resolved": "https://registry.npmjs.org/tslib/-/tslib-2.4.0.tgz",
      "integrity": "sha512-d6xOpEDfsi2CZVlPQzGeux8XMwLT9hssAsaPYExaQMuYskwb+x1x7J371tWlbBdWHroy99KnVB6qIkUbs5X3UQ=="
    }
  }
}
